
Microsoft Visual Studio Solution File, Format Version 12.00
# Visual Studio Version 16
VisualStudioVersion = 16.0.28803.202
MinimumVisualStudioVersion = 10.0.40219.1
Project("{FAE04EC0-301F-11D3-BF4B-00C04F79EFBC}") = "UserManagement", "UserManagement\UserManagement.csproj", "{AEDACCF8-649E-471B-ABFA-9A79B5A21324}"
EndProject
Global
	GlobalSection(SolutionConfigurationPlatforms) = preSolution
		Debug|Any CPU = Debug|Any CPU
		Release|Any CPU = Release|Any CPU
	EndGlobalSection
	GlobalSection(ProjectConfigurationPlatforms) = postSolution
		{AEDACCF8-649E-471B-ABFA-9A79B5A21324}.Debug|Any CPU.ActiveCfg = Debug|Any CPU
		{AEDACCF8-649E-471B-ABFA-9A79B5A21324}.Debug|Any CPU.Build.0 = Debug|Any CPU
		{AEDACCF8-649E-471B-ABFA-9A79B5A21324}.Release|Any CPU.ActiveCfg = Release|Any CPU
		{AEDACCF8-649E-471B-ABFA-9A79B5A21324}.Release|Any CPU.Build.0 = Release|Any CPU
	EndGlobalSection
	GlobalSection(SolutionProperties) = preSolution
		HideSolutionNode = FALSE
	EndGlobalSection
	GlobalSection(ExtensibilityGlobals) = postSolution
		SolutionGuid = {795F83A2-7361-4224-B1FE-DA6015E933CF}
	EndGlobalSection
EndGlobal
